
Microsoft Visual Studio Solution File, Format Version 12.00
# Visual Studio 15
VisualStudioVersion = 15.0.27004.2006
MinimumVisualStudioVersion = 10.0.40219.1
Project("{9A19103F-16F7-4668-BE54-9A1E7A4F7556}") = "LogicQueue", "LogicQueue\LogicQueue.csproj", "{9DAD8F05-B421-4048-8BB0-CA85E39E9CC8}"
EndProject
Project("{FAE04EC0-301F-11D3-BF4B-00C04F79EFBC}") = "ConsoleUI", "ConsoleUI\ConsoleUI.csproj", "{BE6E6DE7-40B0-4D1A-9A7B-966EBE924310}"
EndProject
Global
	GlobalSection(SolutionConfigurationPlatforms) = preSolution
		Debug|Any CPU = Debug|Any CPU
		Release|Any CPU = Release|Any CPU
	EndGlobalSection
	GlobalSection(ProjectConfigurationPlatforms) = postSolution
		{9DAD8F05-B421-4048-8BB0-CA85E39E9CC8}.Debug|Any CPU.ActiveCfg = Debug|Any CPU
		{9DAD8F05-B421-4048-8BB0-CA85E39E9CC8}.Debug|Any CPU.Build.0 = Debug|Any CPU
		{9DAD8F05-B421-4048-8BB0-CA85E39E9CC8}.Release|Any CPU.ActiveCfg = Release|Any CPU
		{9DAD8F05-B421-4048-8BB0-CA85E39E9CC8}.Release|Any CPU.Build.0 = Release|Any CPU
		{BE6E6DE7-40B0-4D1A-9A7B-966EBE924310}.Debug|Any CPU.ActiveCfg = Debug|Any CPU
		{BE6E6DE7-40B0-4D1A-9A7B-966EBE924310}.Debug|Any CPU.Build.0 = Debug|Any CPU
		{BE6E6DE7-40B0-4D1A-9A7B-966EBE924310}.Release|Any CPU.ActiveCfg = Release|Any CPU
		{BE6E6DE7-40B0-4D1A-9A7B-966EBE924310}.Release|Any CPU.Build.0 = Release|Any CPU
	EndGlobalSection
	GlobalSection(SolutionProperties) = preSolution
		HideSolutionNode = FALSE
	EndGlobalSection
	GlobalSection(ExtensibilityGlobals) = postSolution
		SolutionGuid = {51CC9E9E-DF51-434F-B6FE-70FCEC505D35}
	EndGlobalSection
EndGlobal
